
Microsoft Visual Studio Solution File, Format Version 12.00
# Visual Studio Version 17
VisualStudioVersion = 17.3.32804.467
MinimumVisualStudioVersion = 10.0.40219.1
Project("{9A19103F-16F7-4668-BE54-9A1E7A4F7556}") = "BackupToolWF", "BackupToolWF\BackupToolWF.csproj", "{D4866DEE-6011-4C73-8B50-5C3164406FF2}"
EndProject
Global
	GlobalSection(SolutionConfigurationPlatforms) = preSolution
		Debug|Any CPU = Debug|Any CPU
		Release|Any CPU = Release|Any CPU
	EndGlobalSection
	GlobalSection(ProjectConfigurationPlatforms) = postSolution
		{D4866DEE-6011-4C73-8B50-5C3164406FF2}.Debug|Any CPU.ActiveCfg = Debug|Any CPU
		{D4866DEE-6011-4C73-8B50-5C3164406FF2}.Debug|Any CPU.Build.0 = Debug|Any CPU
		{D4866DEE-6011-4C73-8B50-5C3164406FF2}.Release|Any CPU.ActiveCfg = Release|Any CPU
		{D4866DEE-6011-4C73-8B50-5C3164406FF2}.Release|Any CPU.Build.0 = Release|Any CPU
	EndGlobalSection
	GlobalSection(SolutionProperties) = preSolution
		HideSolutionNode = FALSE
	EndGlobalSection
	GlobalSection(ExtensibilityGlobals) = postSolution
		SolutionGuid = {0E252341-CCC4-4F91-834D-12082ED1B9BD}
	EndGlobalSection
EndGlobal
